
Microsoft Visual Studio Solution File, Format Version 12.00
# Visual Studio Version 16
VisualStudioVersion = 16.0.31205.134
MinimumVisualStudioVersion = 10.0.40219.1
Project("{FAE04EC0-301F-11D3-BF4B-00C04F79EFBC}") = "SpectatorProject", "SpectatorProject\SpectatorProject.csproj", "{6AFCF0FB-CC13-4472-A1C5-D6AD93ED8720}"
EndProject
Global
	GlobalSection(SolutionConfigurationPlatforms) = preSolution
		Debug|Any CPU = Debug|Any CPU
		Release|Any CPU = Release|Any CPU
	EndGlobalSection
	GlobalSection(ProjectConfigurationPlatforms) = postSolution
		{6AFCF0FB-CC13-4472-A1C5-D6AD93ED8720}.Debug|Any CPU.ActiveCfg = Debug|Any CPU
		{6AFCF0FB-CC13-4472-A1C5-D6AD93ED8720}.Debug|Any CPU.Build.0 = Debug|Any CPU
		{6AFCF0FB-CC13-4472-A1C5-D6AD93ED8720}.Release|Any CPU.ActiveCfg = Release|Any CPU
		{6AFCF0FB-CC13-4472-A1C5-D6AD93ED8720}.Release|Any CPU.Build.0 = Release|Any CPU
	EndGlobalSection
	GlobalSection(SolutionProperties) = preSolution
		HideSolutionNode = FALSE
	EndGlobalSection
	GlobalSection(ExtensibilityGlobals) = postSolution
		SolutionGuid = {8D60AB4E-4591-4F94-9D8E-4EB7D8C18877}
	EndGlobalSection
EndGlobal
